
Microsoft Visual Studio Solution File, Format Version 12.00
# Visual Studio 15
Project("{FAE04EC0-301F-11D3-BF4B-00C04F79EFBC}") = "Assembly-CSharp", "Assembly-CSharp.csproj", "{B58E5B82-4E2C-41A1-237F-94E12807A719}"
EndProject
Global
	GlobalSection(SolutionConfigurationPlatforms) = preSolution
		Debug|Any CPU = Debug|Any CPU
		Release|Any CPU = Release|Any CPU
	EndGlobalSection
	GlobalSection(ProjectConfigurationPlatforms) = postSolution
		{B58E5B82-4E2C-41A1-237F-94E12807A719}.Debug|Any CPU.ActiveCfg = Debug|Any CPU
		{B58E5B82-4E2C-41A1-237F-94E12807A719}.Debug|Any CPU.Build.0 = Debug|Any CPU
		{B58E5B82-4E2C-41A1-237F-94E12807A719}.Release|Any CPU.ActiveCfg = Release|Any CPU
		{B58E5B82-4E2C-41A1-237F-94E12807A719}.Release|Any CPU.Build.0 = Release|Any CPU
	EndGlobalSection
	GlobalSection(SolutionProperties) = preSolution
		HideSolutionNode = FALSE
	EndGlobalSection
EndGlobal
